// !$*UTF8*$!
{
	archiveVersion = 1;
	classes = {
	};
	objectVersion = 77;
	objects = {

/* Begin PBXBuildFile section */
		37B2A5002DB301D900A6B9FB /* MapView.swift in Sources */ = {isa = PBXBuildFile; fileRef = 37B2A4FD2DB301D900A6B9FB /* MapView.swift */; };
		37B2A5012DB301D900A6B9FB /* AhupuaaFeature.swift in Sources */ = {isa = PBXBuildFile; fileRef = 37B2A4F82DB301D900A6B9FB /* AhupuaaFeature.swift */; };
		37B2A5022DB301D900A6B9FB /* ContentView.swift in Sources */ = {isa = PBXBuildFile; fileRef = 37B2A4FC2DB301D900A6B9FB /* ContentView.swift */; };
/* End PBXBuildFile section */

/* Begin PBXContainerItemProxy section */
		37B2A4D92DB2FE5E00A6B9FB /* PBXContainerItemProxy */ = {
			isa = PBXContainerItemProxy;
			containerPortal = 37B2A4C32DB2FE5D00A6B9FB /* Project object */;
			proxyType = 1;
			remoteGlobalIDString = 37B2A4CA2DB2FE5D00A6B9FB;
			remoteInfo = AhupuaaApp;
		};
		37B2A4E32DB2FE5E00A6B9FB /* PBXContainerItemProxy */ = {
			isa = PBXContainerItemProxy;
			containerPortal = 37B2A4C32DB2FE5D00A6B9FB /* Project object */;
			proxyType = 1;
			remoteGlobalIDString = 37B2A4CA2DB2FE5D00A6B9FB;
			remoteInfo = AhupuaaApp;
		};
/* End PBXContainerItemProxy section */

/* Begin PBXFileReference section */
		37B2A4CB2DB2FE5D00A6B9FB /* AhupuaaApp.app */ = {isa = PBXFileReference; explicitFileType = wrapper.application; includeInIndex = 0; path = AhupuaaApp.app; sourceTree = BUILT_PRODUCTS_DIR; };
		37B2A4D82DB2FE5E00A6B9FB /* AhupuaaAppTests.xctest */ = {isa = PBXFileReference; explicitFileType = wrapper.cfbundle; includeInIndex = 0; path = AhupuaaAppTests.xctest; sourceTree = BUILT_PRODUCTS_DIR; };
		37B2A4E22DB2FE5E00A6B9FB /* AhupuaaAppUITests.xctest */ = {isa = PBXFileReference; explicitFileType = wrapper.cfbundle; includeInIndex = 0; path = AhupuaaAppUITests.xctest; sourceTree = BUILT_PRODUCTS_DIR; };
		37B2A4F82DB301D900A6B9FB /* AhupuaaFeature.swift */ = {isa = PBXFileReference; lastKnownFileType = sourcecode.swift; path = AhupuaaFeature.swift; sourceTree = "<group>"; };
		37B2A4FC2DB301D900A6B9FB /* ContentView.swift */ = {isa = PBXFileReference; lastKnownFileType = sourcecode.swift; path = ContentView.swift; sourceTree = "<group>"; };
		37B2A4FD2DB301D900A6B9FB /* MapView.swift */ = {isa = PBXFileReference; lastKnownFileType = sourcecode.swift; path = MapView.swift; sourceTree = "<group>"; };
/* End PBXFileReference section */

/* Begin PBXFileSystemSynchronizedRootGroup section */
		37B2A4CD2DB2FE5D00A6B9FB /* AhupuaaApp */ = {
			isa = PBXFileSystemSynchronizedRootGroup;
			path = AhupuaaApp;
			sourceTree = "<group>";
		};
		37B2A4DB2DB2FE5E00A6B9FB /* AhupuaaAppTests */ = {
			isa = PBXFileSystemSynchronizedRootGroup;
			path = AhupuaaAppTests;
			sourceTree = "<group>";
		};
		37B2A4E52DB2FE5E00A6B9FB /* AhupuaaAppUITests */ = {
			isa = PBXFileSystemSynchronizedRootGroup;
			path = AhupuaaAppUITests;
			sourceTree = "<group>";
		};
/* End PBXFileSystemSynchronizedRootGroup section */

/* Begin PBXFrameworksBuildPhase section */
		37B2A4C82DB2FE5D00A6B9FB /* Frameworks */ = {
			isa = PBXFrameworksBuildPhase;
			buildActionMask = 2147483647;
			files = (
			);
			runOnlyForDeploymentPostprocessing = 0;
		};
		37B2A4D52DB2FE5E00A6B9FB /* Frameworks */ = {
			isa = PBXFrameworksBuildPhase;
			buildActionMask = 2147483647;
			files = (
			);
			runOnlyForDeploymentPostprocessing = 0;
		};
		37B2A4DF2DB2FE5E00A6B9FB /* Frameworks */ = {
			isa = PBXFrameworksBuildPhase;
			buildActionMask = 2147483647;
			files = (
			);
			runOnlyForDeploymentPostprocessing = 0;
		};
/* End PBXFrameworksBuildPhase section */

/* Begin PBXGroup section */
		37B2A4C22DB2FE5D00A6B9FB = {
			isa = PBXGroup;
			children = (
				37B2A4F72DB301D900A6B9FB /* Cores */,
				37B2A4F92DB301D900A6B9FB /* Models */,
				37B2A4FA2DB301D900A6B9FB /* Navigation */,
				37B2A4FB2DB301D900A6B9FB /* Resources */,
				37B2A4FE2DB301D900A6B9FB /* Screens */,
				37B2A4FF2DB301D900A6B9FB /* SupportingFiles */,
				37B2A4CD2DB2FE5D00A6B9FB /* AhupuaaApp */,
				37B2A4DB2DB2FE5E00A6B9FB /* AhupuaaAppTests */,
				37B2A4E52DB2FE5E00A6B9FB /* AhupuaaAppUITests */,
				37B2A4CC2DB2FE5D00A6B9FB /* Products */,
			);
			sourceTree = "<group>";
		};
		37B2A4CC2DB2FE5D00A6B9FB /* Products */ = {
			isa = PBXGroup;
			children = (
				37B2A4CB2DB2FE5D00A6B9FB /* AhupuaaApp.app */,
				37B2A4D82DB2FE5E00A6B9FB /* AhupuaaAppTests.xctest */,
				37B2A4E22DB2FE5E00A6B9FB /* AhupuaaAppUITests.xctest */,
			);
			name = Products;
			sourceTree = "<group>";
		};
		37B2A4F72DB301D900A6B9FB /* Cores */ = {
			isa = PBXGroup;
			children = (
			);
			path = Cores;
			sourceTree = "<group>";
		};
		37B2A4F92DB301D900A6B9FB /* Models */ = {
			isa = PBXGroup;
			children = (
				37B2A4F82DB301D900A6B9FB /* AhupuaaFeature.swift */,
			);
			path = Models;
			sourceTree = "<group>";
		};
		37B2A4FA2DB301D900A6B9FB /* Navigation */ = {
			isa = PBXGroup;
			children = (
			);
			path = Navigation;
			sourceTree = "<group>";
		};
		37B2A4FB2DB301D900A6B9FB /* Resources */ = {
			isa = PBXGroup;
			children = (
			);
			path = Resources;
			sourceTree = "<group>";
		};
		37B2A4FE2DB301D900A6B9FB /* Screens */ = {
			isa = PBXGroup;
			children = (
				37B2A4FC2DB301D900A6B9FB /* ContentView.swift */,
				37B2A4FD2DB301D900A6B9FB /* MapView.swift */,
			);
			path = Screens;
			sourceTree = "<group>";
		};
		37B2A4FF2DB301D900A6B9FB /* SupportingFiles */ = {
			isa = PBXGroup;
			children = (
			);
			path = SupportingFiles;
			sourceTree = "<group>";
		};
/* End PBXGroup section */

/* Begin PBXNativeTarget section */
		37B2A4CA2DB2FE5D00A6B9FB /* AhupuaaApp */ = {
			isa = PBXNativeTarget;
			buildConfigurationList = 37B2A4EC2DB2FE5E00A6B9FB /* Build configuration list for PBXNativeTarget "AhupuaaApp" */;
			buildPhases = (
				37B2A4C72DB2FE5D00A6B9FB /* Sources */,
				37B2A4C82DB2FE5D00A6B9FB /* Frameworks */,
				37B2A4C92DB2FE5D00A6B9FB /* Resources */,
			);
			buildRules = (
			);
			dependencies = (
			);
			fileSystemSynchronizedGroups = (
				37B2A4CD2DB2FE5D00A6B9FB /* AhupuaaApp */,
			);
			name = AhupuaaApp;
			packageProductDependencies = (
			);
			productName = AhupuaaApp;
			productReference = 37B2A4CB2DB2FE5D00A6B9FB /* AhupuaaApp.app */;
			productType = "com.apple.product-type.application";
		};
		37B2A4D72DB2FE5E00A6B9FB /* AhupuaaAppTests */ = {
			isa = PBXNativeTarget;
			buildConfigurationList = 37B2A4EF2DB2FE5E00A6B9FB /* Build configuration list for PBXNativeTarget "AhupuaaAppTests" */;
			buildPhases = (
				37B2A4D42DB2FE5E00A6B9FB /* Sources */,
				37B2A4D52DB2FE5E00A6B9FB /* Frameworks */,
				37B2A4D62DB2FE5E00A6B9FB /* Resources */,
			);
			buildRules = (
			);
			dependencies = (
				37B2A4DA2DB2FE5E00A6B9FB /* PBXTargetDependency */,
			);
			fileSystemSynchronizedGroups = (
				37B2A4DB2DB2FE5E00A6B9FB /* AhupuaaAppTests */,
			);
			name = AhupuaaAppTests;
			packageProductDependencies = (
			);
			productName = AhupuaaAppTests;
			productReference = 37B2A4D82DB2FE5E00A6B9FB /* AhupuaaAppTests.xctest */;
			productType = "com.apple.product-type.bundle.unit-test";
		};
		37B2A4E12DB2FE5E00A6B9FB /* AhupuaaAppUITests */ = {
			isa = PBXNativeTarget;
			buildConfigurationList = 37B2A4F22DB2FE5E00A6B9FB /* Build configuration list for PBXNativeTarget "AhupuaaAppUITests" */;
			buildPhases = (
				37B2A4DE2DB2FE5E00A6B9FB /* Sources */,
				37B2A4DF2DB2FE5E00A6B9FB /* Frameworks */,
				37B2A4E02DB2FE5E00A6B9FB /* Resources */,
			);
			buildRules = (
			);
			dependencies = (
				37B2A4E42DB2FE5E00A6B9FB /* PBXTargetDependency */,
			);
			fileSystemSynchronizedGroups = (
				37B2A4E52DB2FE5E00A6B9FB /* AhupuaaAppUITests */,
			);
			name = AhupuaaAppUITests;
			packageProductDependencies = (
			);
			productName = AhupuaaAppUITests;
			productReference = 37B2A4E22DB2FE5E00A6B9FB /* AhupuaaAppUITests.xctest */;
			productType = "com.apple.product-type.bundle.ui-testing";
		};
/* End PBXNativeTarget section */

/* Begin PBXProject section */
		37B2A4C32DB2FE5D00A6B9FB /* Project object */ = {
			isa = PBXProject;
			attributes = {
				BuildIndependentTargetsInParallel = 1;
				LastSwiftUpdateCheck = 1630;
				LastUpgradeCheck = 1630;
				TargetAttributes = {
					37B2A4CA2DB2FE5D00A6B9FB = {
						CreatedOnToolsVersion = 16.3;
					};
					37B2A4D72DB2FE5E00A6B9FB = {
						CreatedOnToolsVersion = 16.3;
						TestTargetID = 37B2A4CA2DB2FE5D00A6B9FB;
					};
					37B2A4E12DB2FE5E00A6B9FB = {
						CreatedOnToolsVersion = 16.3;
						TestTargetID = 37B2A4CA2DB2FE5D00A6B9FB;
					};
				};
			};
			buildConfigurationList = 37B2A4C62DB2FE5D00A6B9FB /* Build configuration list for PBXProject "AhupuaaApp" */;
			developmentRegion = en;
			hasScannedForEncodings = 0;
			knownRegions = (
				en,
				Base,
			);
			mainGroup = 37B2A4C22DB2FE5D00A6B9FB;
			minimizedProjectReferenceProxies = 1;
			preferredProjectObjectVersion = 77;
			productRefGroup = 37B2A4CC2DB2FE5D00A6B9FB /* Products */;
			projectDirPath = "";
			projectRoot = "";
			targets = (
				37B2A4CA2DB2FE5D00A6B9FB /* AhupuaaApp */,
				37B2A4D72DB2FE5E00A6B9FB /* AhupuaaAppTests */,
				37B2A4E12DB2FE5E00A6B9FB /* AhupuaaAppUITests */,
			);
		};
/* End PBXProject section */

/* Begin PBXResourcesBuildPhase section */
		37B2A4C92DB2FE5D00A6B9FB /* Resources */ = {
			isa = PBXResourcesBuildPhase;
			buildActionMask = 2147483647;
			files = (
			);
			runOnlyForDeploymentPostprocessing = 0;
		};
		37B2A4D62DB2FE5E00A6B9FB /* Resources */ = {
			isa = PBXResourcesBuildPhase;
			buildActionMask = 2147483647;
			files = (
			);
			runOnlyForDeploymentPostprocessing = 0;
		};
		37B2A4E02DB2FE5E00A6B9FB /* Resources */ = {
			isa = PBXResourcesBuildPhase;
			buildActionMask = 2147483647;
			files = (
			);
			runOnlyForDeploymentPostprocessing = 0;
		};
/* End PBXResourcesBuildPhase section */

/* Begin PBXSourcesBuildPhase section */
		37B2A4C72DB2FE5D00A6B9FB /* Sources */ = {
			isa = PBXSourcesBuildPhase;
			buildActionMask = 2147483647;
			files = (
				37B2A5002DB301D900A6B9FB /* MapView.swift in Sources */,
				37B2A5012DB301D900A6B9FB /* AhupuaaFeature.swift in Sources */,
				37B2A5022DB301D900A6B9FB /* ContentView.swift in Sources */,
			);
			runOnlyForDeploymentPostprocessing = 0;
		};
		37B2A4D42DB2FE5E00A6B9FB /* Sources */ = {
			isa = PBXSourcesBuildPhase;
			buildActionMask = 2147483647;
			files = (
			);
			runOnlyForDeploymentPostprocessing = 0;
		};
		37B2A4DE2DB2FE5E00A6B9FB /* Sources */ = {
			isa = PBXSourcesBuildPhase;
			buildActionMask = 2147483647;
			files = (
			);
			runOnlyForDeploymentPostprocessing = 0;
		};
/* End PBXSourcesBuildPhase section */

/* Begin PBXTargetDependency section */
		37B2A4DA2DB2FE5E00A6B9FB /* PBXTargetDependency */ = {
			isa = PBXTargetDependency;
			target = 37B2A4CA2DB2FE5D00A6B9FB /* AhupuaaApp */;
			targetProxy = 37B2A4D92DB2FE5E00A6B9FB /* PBXContainerItemProxy */;
		};
		37B2A4E42DB2FE5E00A6B9FB /* PBXTargetDependency */ = {
			isa = PBXTargetDependency;
			target = 37B2A4CA2DB2FE5D00A6B9FB /* AhupuaaApp */;
			targetProxy = 37B2A4E32DB2FE5E00A6B9FB /* PBXContainerItemProxy */;
		};
/* End PBXTargetDependency section */

/* Begin XCBuildConfiguration section */
		37B2A4EA2DB2FE5E00A6B9FB /* Debug */ = {
			isa = XCBuildConfiguration;
			buildSettings = {
				ALWAYS_SEARCH_USER_PATHS = NO;
				ASSETCATALOG_COMPILER_GENERATE_SWIFT_ASSET_SYMBOL_EXTENSIONS = YES;
				CLANG_ANALYZER_NONNULL = YES;
				CLANG_ANALYZER_NUMBER_OBJECT_CONVERSION = YES_AGGRESSIVE;
				CLANG_CXX_LANGUAGE_STANDARD = "gnu++20";
				CLANG_ENABLE_MODULES = YES;
				CLANG_ENABLE_OBJC_ARC = YES;
				CLANG_ENABLE_OBJC_WEAK = YES;
				CLANG_WARN_BLOCK_CAPTURE_AUTORELEASING = YES;
				CLANG_WARN_BOOL_CONVERSION = YES;
				CLANG_WARN_COMMA = YES;
				CLANG_WARN_CONSTANT_CONVERSION = YES;
				CLANG_WARN_DEPRECATED_OBJC_IMPLEMENTATIONS = YES;
				CLANG_WARN_DIRECT_OBJC_ISA_USAGE = YES_ERROR;
				CLANG_WARN_DOCUMENTATION_COMMENTS = YES;
				CLANG_WARN_EMPTY_BODY = YES;
				CLANG_WARN_ENUM_CONVERSION = YES;
				CLANG_WARN_INFINITE_RECURSION = YES;
				CLANG_WARN_INT_CONVERSION = YES;
				CLANG_WARN_NON_LITERAL_NULL_CONVERSION = YES;
				CLANG_WARN_OBJC_IMPLICIT_RETAIN_SELF = YES;
				CLANG_WARN_OBJC_LITERAL_CONVERSION = YES;
				CLANG_WARN_OBJC_ROOT_CLASS = YES_ERROR;
				CLANG_WARN_QUOTED_INCLUDE_IN_FRAMEWORK_HEADER = YES;
				CLANG_WARN_RANGE_LOOP_ANALYSIS = YES;
				CLANG_WARN_STRICT_PROTOTYPES = YES;
				CLANG_WARN_SUSPICIOUS_MOVE = YES;
				CLANG_WARN_UNGUARDED_AVAILABILITY = YES_AGGRESSIVE;
				CLANG_WARN_UNREACHABLE_CODE = YES;
				CLANG_WARN__DUPLICATE_METHOD_MATCH = YES;
				COPY_PHASE_STRIP = NO;
				DEBUG_INFORMATION_FORMAT = dwarf;
				ENABLE_STRICT_OBJC_MSGSEND = YES;
				ENABLE_TESTABILITY = YES;
				ENABLE_USER_SCRIPT_SANDBOXING = YES;
				GCC_C_LANGUAGE_STANDARD = gnu17;
				GCC_DYNAMIC_NO_PIC = NO;
				GCC_NO_COMMON_BLOCKS = YES;
				GCC_OPTIMIZATION_LEVEL = 0;
				GCC_PREPROCESSOR_DEFINITIONS = (
					"DEBUG=1",
					"$(inherited)",
				);
				GCC_WARN_64_TO_32_BIT_CONVERSION = YES;
				GCC_WARN_ABOUT_RETURN_TYPE = YES_ERROR;
				GCC_WARN_UNDECLARED_SELECTOR = YES;
				GCC_WARN_UNINITIALIZED_AUTOS = YES_AGGRESSIVE;
				GCC_WARN_UNUSED_FUNCTION = YES;
				GCC_WARN_UNUSED_VARIABLE = YES;
				IPHONEOS_DEPLOYMENT_TARGET = 18.4;
				LOCALIZATION_PREFERS_STRING_CATALOGS = YES;
				MTL_ENABLE_DEBUG_INFO = INCLUDE_SOURCE;
				MTL_FAST_MATH = YES;
				ONLY_ACTIVE_ARCH = YES;
				SDKROOT = iphoneos;
				SWIFT_ACTIVE_COMPILATION_CONDITIONS = "DEBUG $(inherited)";
				SWIFT_OPTIMIZATION_LEVEL = "-Onone";
			};
			name = Debug;
		};
		37B2A4EB2DB2FE5E00A6B9FB /* Release */ = {
			isa = XCBuildConfiguration;
			buildSettings = {
				ALWAYS_SEARCH_USER_PATHS = NO;
				ASSETCATALOG_COMPILER_GENERATE_SWIFT_ASSET_SYMBOL_EXTENSIONS = YES;
				CLANG_ANALYZER_NONNULL = YES;
				CLANG_ANALYZER_NUMBER_OBJECT_CONVERSION = YES_AGGRESSIVE;
				CLANG_CXX_LANGUAGE_STANDARD = "gnu++20";
				CLANG_ENABLE_MODULES = YES;
				CLANG_ENABLE_OBJC_ARC = YES;
				CLANG_ENABLE_OBJC_WEAK = YES;
				CLANG_WARN_BLOCK_CAPTURE_AUTORELEASING = YES;
				CLANG_WARN_BOOL_CONVERSION = YES;
				CLANG_WARN_COMMA = YES;
				CLANG_WARN_CONSTANT_CONVERSION = YES;
				CLANG_WARN_DEPRECATED_OBJC_IMPLEMENTATIONS = YES;
				CLANG_WARN_DIRECT_OBJC_ISA_USAGE = YES_ERROR;
				CLANG_WARN_DOCUMENTATION_COMMENTS = YES;
				CLANG_WARN_EMPTY_BODY = YES;
				CLANG_WARN_ENUM_CONVERSION = YES;
				CLANG_WARN_INFINITE_RECURSION = YES;
				CLANG_WARN_INT_CONVERSION = YES;
				CLANG_WARN_NON_LITERAL_NULL_CONVERSION = YES;
				CLANG_WARN_OBJC_IMPLICIT_RETAIN_SELF = YES;
				CLANG_WARN_OBJC_LITERAL_CONVERSION = YES;
				CLANG_WARN_OBJC_ROOT_CLASS = YES_ERROR;
				CLANG_WARN_QUOTED_INCLUDE_IN_FRAMEWORK_HEADER = YES;
				CLANG_WARN_RANGE_LOOP_ANALYSIS = YES;
				CLANG_WARN_STRICT_PROTOTYPES = YES;
				CLANG_WARN_SUSPICIOUS_MOVE = YES;
				CLANG_WARN_UNGUARDED_AVAILABILITY = YES_AGGRESSIVE;
				CLANG_WARN_UNREACHABLE_CODE = YES;
				CLANG_WARN__DUPLICATE_METHOD_MATCH = YES;
				COPY_PHASE_STRIP = NO;
				DEBUG_INFORMATION_FORMAT = "dwarf-with-dsym";
				ENABLE_NS_ASSERTIONS = NO;
				ENABLE_STRICT_OBJC_MSGSEND = YES;
				ENABLE_USER_SCRIPT_SANDBOXING = YES;
				GCC_C_LANGUAGE_STANDARD = gnu17;
				GCC_NO_COMMON_BLOCKS = YES;
				GCC_WARN_64_TO_32_BIT_CONVERSION = YES;
				GCC_WARN_ABOUT_RETURN_TYPE = YES_ERROR;
				GCC_WARN_UNDECLARED_SELECTOR = YES;
				GCC_WARN_UNINITIALIZED_AUTOS = YES_AGGRESSIVE;
				GCC_WARN_UNUSED_FUNCTION = YES;
				GCC_WARN_UNUSED_VARIABLE = YES;
				IPHONEOS_DEPLOYMENT_TARGET = 18.4;
				LOCALIZATION_PREFERS_STRING_CATALOGS = YES;
				MTL_ENABLE_DEBUG_INFO = NO;
				MTL_FAST_MATH = YES;
				SDKROOT = iphoneos;
				SWIFT_COMPILATION_MODE = wholemodule;
				VALIDATE_PRODUCT = YES;
			};
			name = Release;
		};
		37B2A4ED2DB2FE5E00A6B9FB /* Debug */ = {
			isa = XCBuildConfiguration;
			buildSettings = {
				ASSETCATALOG_COMPILER_APPICON_NAME = AppIcon;
				ASSETCATALOG_COMPILER_GLOBAL_ACCENT_COLOR_NAME = AccentColor;
				CODE_SIGN_STYLE = Automatic;
				CURRENT_PROJECT_VERSION = 1;
				ENABLE_PREVIEWS = YES;
				GENERATE_INFOPLIST_FILE = YES;
				INFOPLIST_KEY_UIApplicationSceneManifest_Generation = YES;
				INFOPLIST_KEY_UIApplicationSupportsIndirectInputEvents = YES;
				INFOPLIST_KEY_UILaunchScreen_Generation = YES;
				INFOPLIST_KEY_UISupportedInterfaceOrientations_iPad = "UIInterfaceOrientationPortrait UIInterfaceOrientationPortraitUpsideDown UIInterfaceOrientationLandscapeLeft UIInterfaceOrientationLandscapeRight";
				INFOPLIST_KEY_UISupportedInterfaceOrientations_iPhone = "UIInterfaceOrientationPortrait UIInterfaceOrientationLandscapeLeft UIInterfaceOrientationLandscapeRight";
				LD_RUNPATH_SEARCH_PATHS = (
					"$(inherited)",
					"@executable_path/Frameworks",
				);
				MARKETING_VERSION = 1.0;
				PRODUCT_BUNDLE_IDENTIFIER = co.personal.AhupuaaApp;
				PRODUCT_NAME = "$(TARGET_NAME)";
				SWIFT_EMIT_LOC_STRINGS = YES;
				SWIFT_VERSION = 5.0;
				TARGETED_DEVICE_FAMILY = "1,2";
			};
			name = Debug;
		};
		37B2A4EE2DB2FE5E00A6B9FB /* Release */ = {
			isa = XCBuildConfiguration;
			buildSettings = {
				ASSETCATALOG_COMPILER_APPICON_NAME = AppIcon;
				ASSETCATALOG_COMPILER_GLOBAL_ACCENT_COLOR_NAME = AccentColor;
				CODE_SIGN_STYLE = Automatic;
				CURRENT_PROJECT_VERSION = 1;
				ENABLE_PREVIEWS = YES;
				GENERATE_INFOPLIST_FILE = YES;
				INFOPLIST_KEY_UIApplicationSceneManifest_Generation = YES;
				INFOPLIST_KEY_UIApplicationSupportsIndirectInputEvents = YES;
				INFOPLIST_KEY_UILaunchScreen_Generation = YES;
				INFOPLIST_KEY_UISupportedInterfaceOrientations_iPad = "UIInterfaceOrientationPortrait UIInterfaceOrientationPortraitUpsideDown UIInterfaceOrientationLandscapeLeft UIInterfaceOrientationLandscapeRight";
				INFOPLIST_KEY_UISupportedInterfaceOrientations_iPhone = "UIInterfaceOrientationPortrait UIInterfaceOrientationLandscapeLeft UIInterfaceOrientationLandscapeRight";
				LD_RUNPATH_SEARCH_PATHS = (
					"$(inherited)",
					"@executable_path/Frameworks",
				);
				MARKETING_VERSION = 1.0;
				PRODUCT_BUNDLE_IDENTIFIER = co.personal.AhupuaaApp;
				PRODUCT_NAME = "$(TARGET_NAME)";
				SWIFT_EMIT_LOC_STRINGS = YES;
				SWIFT_VERSION = 5.0;
				TARGETED_DEVICE_FAMILY = "1,2";
			};
			name = Release;
		};
		37B2A4F02DB2FE5E00A6B9FB /* Debug */ = {
			isa = XCBuildConfiguration;
			buildSettings = {
				BUNDLE_LOADER = "$(TEST_HOST)";
				CODE_SIGN_STYLE = Automatic;
				CURRENT_PROJECT_VERSION = 1;
				GENERATE_INFOPLIST_FILE = YES;
				IPHONEOS_DEPLOYMENT_TARGET = 18.4;
				MARKETING_VERSION = 1.0;
				PRODUCT_BUNDLE_IDENTIFIER = co.personal.AhupuaaAppTests;
				PRODUCT_NAME = "$(TARGET_NAME)";
				SWIFT_EMIT_LOC_STRINGS = NO;
				SWIFT_VERSION = 5.0;
				TARGETED_DEVICE_FAMILY = "1,2";
				TEST_HOST = "$(BUILT_PRODUCTS_DIR)/AhupuaaApp.app/$(BUNDLE_EXECUTABLE_FOLDER_PATH)/AhupuaaApp";
			};
			name = Debug;
		};
		37B2A4F12DB2FE5E00A6B9FB /* Release */ = {
			isa = XCBuildConfiguration;
			buildSettings = {
				BUNDLE_LOADER = "$(TEST_HOST)";
				CODE_SIGN_STYLE = Automatic;
				CURRENT_PROJECT_VERSION = 1;
				GENERATE_INFOPLIST_FILE = YES;
				IPHONEOS_DEPLOYMENT_TARGET = 18.4;
				MARKETING_VERSION = 1.0;
				PRODUCT_BUNDLE_IDENTIFIER = co.personal.AhupuaaAppTests;
				PRODUCT_NAME = "$(TARGET_NAME)";
				SWIFT_EMIT_LOC_STRINGS = NO;
				SWIFT_VERSION = 5.0;
				TARGETED_DEVICE_FAMILY = "1,2";
				TEST_HOST = "$(BUILT_PRODUCTS_DIR)/AhupuaaApp.app/$(BUNDLE_EXECUTABLE_FOLDER_PATH)/AhupuaaApp";
			};
			name = Release;
		};
		37B2A4F32DB2FE5E00A6B9FB /* Debug */ = {
			isa = XCBuildConfiguration;
			buildSettings = {
				CODE_SIGN_STYLE = Automatic;
				CURRENT_PROJECT_VERSION = 1;
				GENERATE_INFOPLIST_FILE = YES;
				MARKETING_VERSION = 1.0;
				PRODUCT_BUNDLE_IDENTIFIER = co.personal.AhupuaaAppUITests;
				PRODUCT_NAME = "$(TARGET_NAME)";
				SWIFT_EMIT_LOC_STRINGS = NO;
				SWIFT_VERSION = 5.0;
				TARGETED_DEVICE_FAMILY = "1,2";
				TEST_TARGET_NAME = AhupuaaApp;
			};
			name = Debug;
		};
		37B2A4F42DB2FE5E00A6B9FB /* Release */ = {
			isa = XCBuildConfiguration;
			buildSettings = {
				CODE_SIGN_STYLE = Automatic;
				CURRENT_PROJECT_VERSION = 1;
				GENERATE_INFOPLIST_FILE = YES;
				MARKETING_VERSION = 1.0;
				PRODUCT_BUNDLE_IDENTIFIER = co.personal.AhupuaaAppUITests;
				PRODUCT_NAME = "$(TARGET_NAME)";
				SWIFT_EMIT_LOC_STRINGS = NO;
				SWIFT_VERSION = 5.0;
				TARGETED_DEVICE_FAMILY = "1,2";
				TEST_TARGET_NAME = AhupuaaApp;
			};
			name = Release;
		};
/* End XCBuildConfiguration section */

/* Begin XCConfigurationList section */
		37B2A4C62DB2FE5D00A6B9FB /* Build configuration list for PBXProject "AhupuaaApp" */ = {
			isa = XCConfigurationList;
			buildConfigurations = (
				37B2A4EA2DB2FE5E00A6B9FB /* Debug */,
				37B2A4EB2DB2FE5E00A6B9FB /* Release */,
			);
			defaultConfigurationIsVisible = 0;
			defaultConfigurationName = Release;
		};
		37B2A4EC2DB2FE5E00A6B9FB /* Build configuration list for PBXNativeTarget "AhupuaaApp" */ = {
			isa = XCConfigurationList;
			buildConfigurations = (
				37B2A4ED2DB2FE5E00A6B9FB /* Debug */,
				37B2A4EE2DB2FE5E00A6B9FB /* Release */,
			);
			defaultConfigurationIsVisible = 0;
			defaultConfigurationName = Release;
		};
		37B2A4EF2DB2FE5E00A6B9FB /* Build configuration list for PBXNativeTarget "AhupuaaAppTests" */ = {
			isa = XCConfigurationList;
			buildConfigurations = (
				37B2A4F02DB2FE5E00A6B9FB /* Debug */,
				37B2A4F12DB2FE5E00A6B9FB /* Release */,
			);
			defaultConfigurationIsVisible = 0;
			defaultConfigurationName = Release;
		};
		37B2A4F22DB2FE5E00A6B9FB /* Build configuration list for PBXNativeTarget "AhupuaaAppUITests" */ = {
			isa = XCConfigurationList;
			buildConfigurations = (
				37B2A4F32DB2FE5E00A6B9FB /* Debug */,
				37B2A4F42DB2FE5E00A6B9FB /* Release */,
			);
			defaultConfigurationIsVisible = 0;
			defaultConfigurationName = Release;
		};
/* End XCConfigurationList section */
	};
	rootObject = 37B2A4C32DB2FE5D00A6B9FB /* Project object */;
}
